
Microsoft Visual Studio Solution File, Format Version 12.00
# Visual Studio Version 17
VisualStudioVersion = 17.0.31612.314
MinimumVisualStudioVersion = 10.0.40219.1
Project("{FAE04EC0-301F-11D3-BF4B-00C04F79EFBC}") = "Auction.DAL", "Auction.DAL\Auction.DAL.csproj", "{C01F2E31-1FC6-4386-9032-E3A0319D3AD4}"
EndProject
Project("{FAE04EC0-301F-11D3-BF4B-00C04F79EFBC}") = "TestApp", "TestApp\TestApp.csproj", "{8A363073-F4EE-490F-89DF-18F652971D73}"
EndProject
Project("{FAE04EC0-301F-11D3-BF4B-00C04F79EFBC}") = "Auction.FormsApp", "Auction.FormsApp\Auction.FormsApp.csproj", "{459950F3-8201-4621-91CD-766670440A82}"
EndProject
Global
	GlobalSection(SolutionConfigurationPlatforms) = preSolution
		Debug|Any CPU = Debug|Any CPU
		Release|Any CPU = Release|Any CPU
	EndGlobalSection
	GlobalSection(ProjectConfigurationPlatforms) = postSolution
		{C01F2E31-1FC6-4386-9032-E3A0319D3AD4}.Debug|Any CPU.ActiveCfg = Debug|Any CPU
		{C01F2E31-1FC6-4386-9032-E3A0319D3AD4}.Debug|Any CPU.Build.0 = Debug|Any CPU
		{C01F2E31-1FC6-4386-9032-E3A0319D3AD4}.Release|Any CPU.ActiveCfg = Release|Any CPU
		{C01F2E31-1FC6-4386-9032-E3A0319D3AD4}.Release|Any CPU.Build.0 = Release|Any CPU
		{8A363073-F4EE-490F-89DF-18F652971D73}.Debug|Any CPU.ActiveCfg = Debug|Any CPU
		{8A363073-F4EE-490F-89DF-18F652971D73}.Debug|Any CPU.Build.0 = Debug|Any CPU
		{8A363073-F4EE-490F-89DF-18F652971D73}.Release|Any CPU.ActiveCfg = Release|Any CPU
		{8A363073-F4EE-490F-89DF-18F652971D73}.Release|Any CPU.Build.0 = Release|Any CPU
		{459950F3-8201-4621-91CD-766670440A82}.Debug|Any CPU.ActiveCfg = Debug|Any CPU
		{459950F3-8201-4621-91CD-766670440A82}.Debug|Any CPU.Build.0 = Debug|Any CPU
		{459950F3-8201-4621-91CD-766670440A82}.Release|Any CPU.ActiveCfg = Release|Any CPU
		{459950F3-8201-4621-91CD-766670440A82}.Release|Any CPU.Build.0 = Release|Any CPU
	EndGlobalSection
	GlobalSection(SolutionProperties) = preSolution
		HideSolutionNode = FALSE
	EndGlobalSection
	GlobalSection(ExtensibilityGlobals) = postSolution
		SolutionGuid = {4ABED5F4-3E11-484B-ADB8-985CB6E82372}
	EndGlobalSection
EndGlobal
